{
    "_meta": {
        "hash": {
            "sha256": "bca36faac01a67a459ee15390a1cd8ebacf61192b770af38f08d586df53a19d0"
        },
        "pipfile-spec": 6,
        "requires": {
            "python_version": "2.7"
        },
        "sources": [
            {
                "name": "pypi",
                "url": "https://pypi.org/simple",
                "verify_ssl": true
            }
        ]
    },
    "default": {
        "backports-abc": {
            "hashes": [
                "sha256:8b3e4092ba3d541c7a2f9b7d0d9c0275b21c6a01c53a61c731eba6686939d0a5",
                "sha256:c64508e766dfe09a94a442c12b57c6e098a402921ecb340a4ec57c7e10fd464c"
            ],
            "index": "pypi",
            "version": "==0.4"
        },
        "backports.ssl-match-hostname": {
            "hashes": [
                "sha256:07410e7fb09aab7bdaf5e618de66c3dac84e2e3d628352814dc4c37de321d6ae"
            ],
            "index": "pypi",
            "version": "==3.4.0.2"
        },
        "beautifulsoup4": {
            "hashes": [
                "sha256:2c264254f6cfce64c3bd9d48885208093a73b9095645f600de0a277ce01ea0e5",
                "sha256:82a253245aed9875f141dd98a7462572bca93d064cf3117bd33de4b61ee18e68",
                "sha256:87d4013d0625d4789a4f56b8d79a04d5ce6db1152bb65f1d39744f7709a366b4"
            ],
            "index": "pypi",
            "version": "==4.4.1"
        },
        "certifi": {
            "hashes": [
                "sha256:30b0a7354a1b32caa8b4705d3f5fb2dadefac7ba4bf8af8a2176869f93e38f16",
                "sha256:ad86683448f7483d4147a64d96856e551734e594c4563747e9fbe2368df13d3f"
            ],
            "index": "pypi",
            "version": "==2015.11.20.1"
        },
        "click": {
            "hashes": [
                "sha256:2335065e6395b9e67ca716de5f7526736bfa6ceead690adf616d925bdc622b13",
                "sha256:5b94b49521f6456670fdb30cd82a4eca9412788a93fa6dd6df72c94d5a8ff2d7"
            ],
            "version": "==7.0"
        },
        "docopt": {
            "hashes": [
                "sha256:b752582228e280b7be3677c5a758a352e352ad0bde3a849fd51f79239e88e475"
            ],
            "index": "pypi",
            "version": "==0.4.0"
        },
        "futures": {
            "hashes": [
                "sha256:04afa2a06ab7dcca9d81717b420a7a14826061e9b2614a5c77dd24c75ccf97e4",
                "sha256:2fe2342bb4fe8b8e217f0d21b5921cbe5408bf966d9f92025e707e881b198bed"
            ],
            "index": "pypi",
            "version": "==3.0.3"
        },
        "ordereddict": {
            "hashes": [
                "sha256:1c35b4ac206cef2d24816c89f89cf289dd3d38cf7c449bb3fab7bf6d43f01b1f"
            ],
            "version": "==1.1"
        },
        "pymongo": {
            "hashes": [
                "sha256:03b776a36aead832dd0fb0315e5ac2c22b2b15cdd5d700b0f98cb892d634b5a0",
                "sha256:06cd4a9effc94c6426f737b300d8a98c22b1858c2ec19fa135ff07bc938a5fd6",
                "sha256:17c41e95448fac4c571770cbdb73fd2d8bfdfcba48bc5ead0f2ea1d24b619b76",
                "sha256:1df2d7635fd5b9affb147afa9e1cd3367aed72d828ca41650a132b55efeffb06",
                "sha256:216fcbb32832f36e276617f17a0e4b4bc1ed6772038196d85f0b15617358a2c1",
                "sha256:28ab6d69e8a29d5901ead13106920477e3493474263f2e9a10048635a83958da",
                "sha256:38710ca036a715eb2fd4a752442b055735cf0e517189b4fc041d9e0e755e823b",
                "sha256:3d35bb5672f46b370dc5262739f0c3e419459e4203294f8186c7bc4be78e2df2",
                "sha256:57510b4ba8499ab3135bee9a976aeb069637c04a2852eb2c292cedfdd61b9b0e",
                "sha256:5a27e5a5ef6ab95ddd2004f9246c8e0bfde604a58a966f65e63ef15b89dcd416",
                "sha256:68595c9cb0eada278944cc702ffcb0303a4d27c3559a66e09feeb7646891cd11",
                "sha256:7ffe8c8d5b8a46a21138b0ede3ec8977e797a60613051af23efbcf3dca8ddd44",
                "sha256:89944a59e2225e09d65c12ef004ee6070bcb563a96422cd6d93ab05d02f6ff40",
                "sha256:92158f3894bcd9aedb0ad373d91ae7a1caee2a75a40ef210342fc55055b1b1f0",
                "sha256:98f550d27481cb841c0f5de023df644e7a3beb235b8a22a091e6dafd39c6a82a",
                "sha256:a3cd2ef833054f7d7fa9b00c3ac72d8259c468e76977fc152746f4535306c966",
                "sha256:ace7f9c719c8b00ead0fcbda58f3e85781a36b368e62dd9a8ca6bdc91115e1dd",
                "sha256:b284f64a61f203a2fa39047b3b3e6de1fc0d32ae037f356f9fe958ac191e810a",
                "sha256:c224e0ec0cebe294662594bddf5b23f18b8ab133753fb457a868ca683a719fd1",
                "sha256:cc8b8c6f6b959a06b8b0433d2bc3f410390a2d98104dc82cabbfdaa0d5b7a155",
                "sha256:ce575163f6998ad4b279f4c9d31cb182b94be52f4513e409b0c187524834cb08",
                "sha256:d37b3ba4f1aa555c445a9baed87359adcdc4e80870f290080f066efc8b997e05",
                "sha256:d49c0505a08674659a4f21e15017a7f8bfd5ba17a4b6d6633ec9ce86640cc70f",
                "sha256:d83f7427680565b83972a11a01ec27ad8d7e2056b279c9121d9b06ca93be300d",
                "sha256:dff907de25a87806ee5e672c0841621985589cbbacd5a0e817f2ddd1274bba6a"
            ],
            "index": "pypi",
            "version": "==3.1.1"
        },
        "python-dotenv": {
            "hashes": [
                "sha256:46d58321d745d9d6f23e802b51dec8c2320a43c1ef0423671ed2a084bbd77eff",
                "sha256:d139a406b7dd0ecc161f0b9cd1620de93bda026fe3c776bd1216414898704c8d"
            ],
            "index": "pypi",
            "version": "==0.5.1"
        },
        "requests": {
            "hashes": [
                "sha256:84fe8d5bf4dcdcc49002446c47a146d17ac10facf00d9086659064ac43b6c25b",
                "sha256:89f1b1f25dcd7b68f514e8d341a5b2eb466f960ae756822eaab480a3c1a81c28"
            ],
            "index": "pypi",
            "version": "==2.8.1"
        },
        "singledispatch": {
            "hashes": [
                "sha256:5b06af87df13818d14f08a028e42f566640aef80805c3b50c5056b086e3c2b9c",
                "sha256:833b46966687b3de7f438c761ac475213e53b306740f1abfaa86e1d1aae56aa8"
            ],
            "index": "pypi",
            "version": "==3.4.0.3"
        },
        "six": {
            "hashes": [
                "sha256:0ff78c403d9bccf5a425a6d31a12aa6b47f1c21ca4dc2573a7e2f32a97335eb1",
                "sha256:105f8d68616f8248e24bf0e9372ef04d3cc10104f1980f54d57b2ce73a5ad56a"
            ],
            "index": "pypi",
            "version": "==1.10.0"
        },
        "tornado": {
            "hashes": [
                "sha256:042255160bb1976d2aa3d9e0f32ac7f8c1bc2dfab7b2c86688a3bd6088ba90e1",
                "sha256:295e1f38225ce2bdd85a0524e265e9adea40507333829f3a7d64c588dd78ff21",
                "sha256:c9c2d32593d16eedf2cec1b6a41893626a2649b40b21ca9c4cac4243bde2efbf"
            ],
            "index": "pypi",
            "version": "==4.3"
        },
        "wheel": {
            "hashes": [
                "sha256:53a8b47d3db4ded8db41a1e9bbb77a1625074e7a4879bd0ebf97d6cb01576383",
                "sha256:ef832abfedea7ed86b6eae7400128f88053a1da81a37c00613b1279544d585aa"
            ],
            "index": "pypi",
            "version": "==0.24.0"
        }
    },
    "develop": {
        "astroid": {
            "hashes": [
                "sha256:87de48a92e29cedf7210ffa853d11441e7ad94cb47bacd91b023499b51cbc756",
                "sha256:d25869fc7f44f1d9fb7d24fd7ea0639656f5355fc3089cd1f3d18c6ec6b124c7"
            ],
            "version": "==1.6.6"
        },
        "backports.functools-lru-cache": {
            "hashes": [
                "sha256:9d98697f088eb1b0fa451391f91afb5e3ebde16bbdb272819fd091151fda4f1a",
                "sha256:f0b0e4eba956de51238e17573b7087e852dfe9854afd2e9c873f73fc0ca0a6dd"
            ],
            "markers": "python_version < '3.2'",
            "version": "==1.5"
        },
        "configparser": {
            "hashes": [
                "sha256:254c1d9c79f60c45dfde850850883d5aaa7f19a23f13561243a050d5a7c3fe4c",
                "sha256:c7d282687a5308319bf3d2e7706e575c635b0a470342641c93bea0ea3b5331df"
            ],
            "markers": "python_version == '2.7'",
            "version": "==4.0.2"
        },
        "enum34": {
            "hashes": [
                "sha256:2d81cbbe0e73112bdfe6ef8576f2238f2ba27dd0d55752a776c41d38b7da2850",
                "sha256:644837f692e5f550741432dd3f223bbb9852018674981b1664e5dc339387588a",
                "sha256:6bd0f6ad48ec2aa117d3d141940d484deccda84d4fcd884f5c3d93c23ecd8c79",
                "sha256:8ad8c4783bf61ded74527bffb48ed9b54166685e4230386a9ed9b1279e2df5b1"
            ],
            "markers": "python_version < '3.4'",
            "version": "==1.1.6"
        },
        "futures": {
            "hashes": [
                "sha256:04afa2a06ab7dcca9d81717b420a7a14826061e9b2614a5c77dd24c75ccf97e4",
                "sha256:2fe2342bb4fe8b8e217f0d21b5921cbe5408bf966d9f92025e707e881b198bed"
            ],
            "index": "pypi",
            "version": "==3.0.3"
        },
        "isort": {
            "hashes": [
                "sha256:54da7e92468955c4fceacd0c86bd0ec997b0e1ee80d97f67c35a78b719dccab1",
                "sha256:6e811fcb295968434526407adb8796944f1988c5b65e8139058f2014cbe100fd"
            ],
            "version": "==4.3.21"
        },
        "lazy-object-proxy": {
            "hashes": [
                "sha256:0c4b206227a8097f05c4dbdd323c50edf81f15db3b8dc064d08c62d37e1a504d",
                "sha256:194d092e6f246b906e8f70884e620e459fc54db3259e60cf69a4d66c3fda3449",
                "sha256:1be7e4c9f96948003609aa6c974ae59830a6baecc5376c25c92d7d697e684c08",
                "sha256:4677f594e474c91da97f489fea5b7daa17b5517190899cf213697e48d3902f5a",
                "sha256:48dab84ebd4831077b150572aec802f303117c8cc5c871e182447281ebf3ac50",
                "sha256:5541cada25cd173702dbd99f8e22434105456314462326f06dba3e180f203dfd",
                "sha256:59f79fef100b09564bc2df42ea2d8d21a64fdcda64979c0fa3db7bdaabaf6239",
                "sha256:8d859b89baf8ef7f8bc6b00aa20316483d67f0b1cbf422f5b4dc56701c8f2ffb",
                "sha256:9254f4358b9b541e3441b007a0ea0764b9d056afdeafc1a5569eee1cc6c1b9ea",
                "sha256:9651375199045a358eb6741df3e02a651e0330be090b3bc79f6d0de31a80ec3e",
                "sha256:97bb5884f6f1cdce0099f86b907aa41c970c3c672ac8b9c8352789e103cf3156",
                "sha256:9b15f3f4c0f35727d3a0fba4b770b3c4ebbb1fa907dbcc046a1d2799f3edd142",
                "sha256:a2238e9d1bb71a56cd710611a1614d1194dc10a175c1e08d75e1a7bcc250d442",
                "sha256:a6ae12d08c0bf9909ce12385803a543bfe99b95fe01e752536a60af2b7797c62",
                "sha256:ca0a928a3ddbc5725be2dd1cf895ec0a254798915fb3a36af0964a0a4149e3db",
                "sha256:cb2c7c57005a6804ab66f106ceb8482da55f5314b7fcb06551db1edae4ad1531",
                "sha256:d74bb8693bf9cf75ac3b47a54d716bbb1a92648d5f781fc799347cfc95952383",
                "sha256:d945239a5639b3ff35b70a88c5f2f491913eb94871780ebfabb2568bd58afc5a",
                "sha256:eba7011090323c1dadf18b3b689845fd96a61ba0a1dfbd7f24b921398affc357",
                "sha256:efa1909120ce98bbb3777e8b6f92237f5d5c8ea6758efea36a473e1d38f7d3e4",
                "sha256:f3900e8a5de27447acbf900b4750b0ddfd7ec1ea7fbaf11dfa911141bc522af0"
            ],
            "version": "==1.4.3"
        },
        "mccabe": {
            "hashes": [
                "sha256:ab8a6258860da4b6677da4bd2fe5dc2c659cff31b3ee4f7f5d64e79735b80d42",
                "sha256:dd8d182285a0fe56bace7f45b5e7d1a6ebcbf524e8f3bd87eb0f125271b8831f"
            ],
            "version": "==0.6.1"
        },
        "pylint": {
            "hashes": [
                "sha256:367e3d49813d349a905390ac27989eff82ab84958731c5ef0bef867452cfdc42",
                "sha256:97a42df23d436c70132971d1dcb9efad2fe5c0c6add55b90161e773caf729300"
            ],
            "index": "pypi",
            "version": "==1.9.5"
        },
        "singledispatch": {
            "hashes": [
                "sha256:5b06af87df13818d14f08a028e42f566640aef80805c3b50c5056b086e3c2b9c",
                "sha256:833b46966687b3de7f438c761ac475213e53b306740f1abfaa86e1d1aae56aa8"
            ],
            "index": "pypi",
            "version": "==3.4.0.3"
        },
        "six": {
            "hashes": [
                "sha256:0ff78c403d9bccf5a425a6d31a12aa6b47f1c21ca4dc2573a7e2f32a97335eb1",
                "sha256:105f8d68616f8248e24bf0e9372ef04d3cc10104f1980f54d57b2ce73a5ad56a"
            ],
            "index": "pypi",
            "version": "==1.10.0"
        },
        "wrapt": {
            "hashes": [
                "sha256:565a021fd19419476b9362b05eeaa094178de64f8361e44468f9e9d7843901e1"
            ],
            "version": "==1.11.2"
        }
    }
}
